
Microsoft Visual Studio Solution File, Format Version 12.00
# Visual Studio 15
VisualStudioVersion = 15.0.28307.421
MinimumVisualStudioVersion = 10.0.40219.1
Project("{FAE04EC0-301F-11D3-BF4B-00C04F79EFBC}") = "ConnectionTest_v1", "ConnectionTest_v1\ConnectionTest_v1.csproj", "{96D7E6C4-1EF4-4F2F-8748-90AA7E5C9199}"
EndProject
Global
	GlobalSection(SolutionConfigurationPlatforms) = preSolution
		Debug|Any CPU = Debug|Any CPU
		Release|Any CPU = Release|Any CPU
	EndGlobalSection
	GlobalSection(ProjectConfigurationPlatforms) = postSolution
		{96D7E6C4-1EF4-4F2F-8748-90AA7E5C9199}.Debug|Any CPU.ActiveCfg = Debug|Any CPU
		{96D7E6C4-1EF4-4F2F-8748-90AA7E5C9199}.Debug|Any CPU.Build.0 = Debug|Any CPU
		{96D7E6C4-1EF4-4F2F-8748-90AA7E5C9199}.Release|Any CPU.ActiveCfg = Release|Any CPU
		{96D7E6C4-1EF4-4F2F-8748-90AA7E5C9199}.Release|Any CPU.Build.0 = Release|Any CPU
	EndGlobalSection
	GlobalSection(SolutionProperties) = preSolution
		HideSolutionNode = FALSE
	EndGlobalSection
	GlobalSection(ExtensibilityGlobals) = postSolution
		SolutionGuid = {9694DF0E-DA63-4913-91EB-8916248AC01F}
	EndGlobalSection
EndGlobal
